
Microsoft Visual Studio Solution File, Format Version 12.00
# Visual Studio Version 17
VisualStudioVersion = 17.1.32328.378
MinimumVisualStudioVersion = 10.0.40219.1
Project("{FAE04EC0-301F-11D3-BF4B-00C04F79EFBC}") = "mqttConsole", "mqttConsole\mqttConsole.csproj", "{B3D863A5-0FBF-46EE-B2FA-7146E5717DEA}"
EndProject
Global
	GlobalSection(SolutionConfigurationPlatforms) = preSolution
		Debug|Any CPU = Debug|Any CPU
		Release|Any CPU = Release|Any CPU
	EndGlobalSection
	GlobalSection(ProjectConfigurationPlatforms) = postSolution
		{B3D863A5-0FBF-46EE-B2FA-7146E5717DEA}.Debug|Any CPU.ActiveCfg = Debug|Any CPU
		{B3D863A5-0FBF-46EE-B2FA-7146E5717DEA}.Debug|Any CPU.Build.0 = Debug|Any CPU
		{B3D863A5-0FBF-46EE-B2FA-7146E5717DEA}.Release|Any CPU.ActiveCfg = Release|Any CPU
		{B3D863A5-0FBF-46EE-B2FA-7146E5717DEA}.Release|Any CPU.Build.0 = Release|Any CPU
	EndGlobalSection
	GlobalSection(SolutionProperties) = preSolution
		HideSolutionNode = FALSE
	EndGlobalSection
	GlobalSection(ExtensibilityGlobals) = postSolution
		SolutionGuid = {7D96183C-B7E0-4CB4-BFF8-C3871D01B37F}
	EndGlobalSection
EndGlobal
